# THIS IS AN AUTOGENERATED FILE. DO NOT EDIT THIS FILE DIRECTLY.
# yarn lockfile v1


"@aztec/bb.js@0.87.0":
  version "0.87.0"
  resolved "https://registry.yarnpkg.com/@aztec/bb.js/-/bb.js-0.87.0.tgz#f88d6bf0845bd21f5b63a0b3cf04e13d1a68e587"
  integrity sha512-1tGxrJc/or9p4zwP7yvSLHU0z0N/DQGLfIeTYRdlQQPBMcnKX51rMI0PJ07/zZj0XxwHVFlqtV+PqvFBszIPwA==
  dependencies:
    comlink "^4.4.1"
    commander "^12.1.0"
    debug "^4.3.4"
    fflate "^0.8.0"
    msgpackr "^1.11.2"
    pako "^2.1.0"
    tslib "^2.4.0"

"@msgpackr-extract/msgpackr-extract-darwin-arm64@3.0.3":
  version "3.0.3"
  resolved "https://registry.yarnpkg.com/@msgpackr-extract/msgpackr-extract-darwin-arm64/-/msgpackr-extract-darwin-arm64-3.0.3.tgz#9edec61b22c3082018a79f6d1c30289ddf3d9d11"
  integrity sha512-QZHtlVgbAdy2zAqNA9Gu1UpIuI8Xvsd1v8ic6B2pZmeFnFcMWiPLfWXh7TVw4eGEZ/C9TH281KwhVoeQUKbyjw==

"@msgpackr-extract/msgpackr-extract-darwin-x64@3.0.3":
  version "3.0.3"
  resolved "https://registry.yarnpkg.com/@msgpackr-extract/msgpackr-extract-darwin-x64/-/msgpackr-extract-darwin-x64-3.0.3.tgz#33677a275204898ad8acbf62734fc4dc0b6a4855"
  integrity sha512-mdzd3AVzYKuUmiWOQ8GNhl64/IoFGol569zNRdkLReh6LRLHOXxU4U8eq0JwaD8iFHdVGqSy4IjFL4reoWCDFw==

"@msgpackr-extract/msgpackr-extract-linux-arm64@3.0.3":
  version "3.0.3"
  resolved "https://registry.yarnpkg.com/@msgpackr-extract/msgpackr-extract-linux-arm64/-/msgpackr-extract-linux-arm64-3.0.3.tgz#19edf7cdc2e7063ee328403c1d895a86dd28f4bb"
  integrity sha512-YxQL+ax0XqBJDZiKimS2XQaf+2wDGVa1enVRGzEvLLVFeqa5kx2bWbtcSXgsxjQB7nRqqIGFIcLteF/sHeVtQg==

"@msgpackr-extract/msgpackr-extract-linux-arm@3.0.3":
  version "3.0.3"
  resolved "https://registry.yarnpkg.com/@msgpackr-extract/msgpackr-extract-linux-arm/-/msgpackr-extract-linux-arm-3.0.3.tgz#94fb0543ba2e28766c3fc439cabbe0440ae70159"
  integrity sha512-fg0uy/dG/nZEXfYilKoRe7yALaNmHoYeIoJuJ7KJ+YyU2bvY8vPv27f7UKhGRpY6euFYqEVhxCFZgAUNQBM3nw==

"@msgpackr-extract/msgpackr-extract-linux-x64@3.0.3":
  version "3.0.3"
  resolved "https://registry.yarnpkg.com/@msgpackr-extract/msgpackr-extract-linux-x64/-/msgpackr-extract-linux-x64-3.0.3.tgz#4a0609ab5fe44d07c9c60a11e4484d3c38bbd6e3"
  integrity sha512-cvwNfbP07pKUfq1uH+S6KJ7dT9K8WOE4ZiAcsrSes+UY55E/0jLYc+vq+DO7jlmqRb5zAggExKm0H7O/CBaesg==

"@msgpackr-extract/msgpackr-extract-win32-x64@3.0.3":
  version "3.0.3"
  resolved "https://registry.yarnpkg.com/@msgpackr-extract/msgpackr-extract-win32-x64/-/msgpackr-extract-win32-x64-3.0.3.tgz#0aa5502d547b57abfc4ac492de68e2006e417242"
  integrity sha512-x0fWaQtYp4E6sktbsdAqnehxDgEc/VwM7uLsRCYWaiGu0ykYdZPiS8zCWdnjHwyiumousxfBm4SO31eXqwEZhQ==

"@noir-lang/acvm_js@1.0.0-beta.9":
  version "1.0.0-beta.9"
  resolved "https://registry.yarnpkg.com/@noir-lang/acvm_js/-/acvm_js-1.0.0-beta.9.tgz#ad4b57428e377174855d57d30cc51898c4ee7251"
  integrity sha512-cWDKgOkDCj6USfSITB0IM/o3ThndLOsrH6pDptaB6D6wHpSxTOpl/pKP8m1KHXGLVsU0BjIImZ2RrWB4F3a2Pw==

"@noir-lang/noir_js@1.0.0-beta.9":
  version "1.0.0-beta.9"
  resolved "https://registry.yarnpkg.com/@noir-lang/noir_js/-/noir_js-1.0.0-beta.9.tgz#184a5fde344ff227d0b7d3975e3305d7921b72c4"
  integrity sha512-UDHvQBvWiAbo70+taFQyUgBysVxgxuMkEXxtQUPD8v9sbHp4J5ecGRrtp/1eq15D0zpVc34Vfo8zy2CWndfbaA==
  dependencies:
    "@noir-lang/acvm_js" "1.0.0-beta.9"
    "@noir-lang/noirc_abi" "1.0.0-beta.9"
    "@noir-lang/types" "1.0.0-beta.9"
    pako "^2.1.0"

"@noir-lang/noirc_abi@1.0.0-beta.9":
  version "1.0.0-beta.9"
  resolved "https://registry.yarnpkg.com/@noir-lang/noirc_abi/-/noirc_abi-1.0.0-beta.9.tgz#3152e24a756d951fb184559adf7268ef69aecbb4"
  integrity sha512-JOBLJBZqE6skGztI5xy4GW5WB40YGADt0mU/vf1QAuVY9yArRU3oAJIjuXi4Mo1fvE1TSx/4XPZr7Rocl6Effg==
  dependencies:
    "@noir-lang/types" "1.0.0-beta.9"

"@noir-lang/types@1.0.0-beta.9":
  version "1.0.0-beta.9"
  resolved "https://registry.yarnpkg.com/@noir-lang/types/-/types-1.0.0-beta.9.tgz#0fdc393cc02fb536b7c958ea14282523edaaca30"
  integrity sha512-2KB4uSUUHjDZzrUY8CIRyaIS4Q9d0s1T9bwabw1rysSBICDkgKOdVKkG0szaCFbmeDNQ3kqanPjqBj7IEEHD7A==

comlink@^4.4.1:
  version "4.4.2"
  resolved "https://registry.yarnpkg.com/comlink/-/comlink-4.4.2.tgz#cbbcd82742fbebc06489c28a183eedc5c60a2bca"
  integrity sha512-OxGdvBmJuNKSCMO4NTl1L47VRp6xn2wG4F/2hYzB6tiCb709otOxtEYCSvK80PtjODfXXZu8ds+Nw5kVCjqd2g==

commander@^12.1.0:
  version "12.1.0"
  resolved "https://registry.yarnpkg.com/commander/-/commander-12.1.0.tgz#01423b36f501259fdaac4d0e4d60c96c991585d3"
  integrity sha512-Vw8qHK3bZM9y/P10u3Vib8o/DdkvA2OtPtZvD871QKjy74Wj1WSKFILMPRPSdUSx5RFK1arlJzEtA4PkFgnbuA==

debug@^4.3.4:
  version "4.4.3"
  resolved "https://registry.yarnpkg.com/debug/-/debug-4.4.3.tgz#c6ae432d9bd9662582fce08709b038c58e9e3d6a"
  integrity sha512-RGwwWnwQvkVfavKVt22FGLw+xYSdzARwm0ru6DhTVA3umU5hZc28V3kO4stgYryrTlLpuvgI9GiijltAjNbcqA==
  dependencies:
    ms "^2.1.3"

detect-libc@^2.0.1:
  version "2.1.2"
  resolved "https://registry.yarnpkg.com/detect-libc/-/detect-libc-2.1.2.tgz#689c5dcdc1900ef5583a4cb9f6d7b473742074ad"
  integrity sha512-Btj2BOOO83o3WyH59e8MgXsxEQVcarkUOpEYrubB0urwnN10yQ364rsiByU11nZlqWYZm05i/of7io4mzihBtQ==

fflate@^0.8.0:
  version "0.8.2"
  resolved "https://registry.yarnpkg.com/fflate/-/fflate-0.8.2.tgz#fc8631f5347812ad6028bbe4a2308b2792aa1dea"
  integrity sha512-cPJU47OaAoCbg0pBvzsgpTPhmhqI5eJjh/JIu8tPj5q+T7iLvW/JAYUqmE7KOB4R1ZyEhzBaIQpQpardBF5z8A==

ms@^2.1.3:
  version "2.1.3"
  resolved "https://registry.yarnpkg.com/ms/-/ms-2.1.3.tgz#574c8138ce1d2b5861f0b44579dbadd60c6615b2"
  integrity sha512-6FlzubTLZG3J2a/NVCAleEhjzq5oxgHyaCU9yYXvcLsvoVaHJq/s5xXI6/XXP6tz7R9xAOtHnSO/tXtF3WRTlA==

msgpackr-extract@^3.0.2:
  version "3.0.3"
  resolved "https://registry.yarnpkg.com/msgpackr-extract/-/msgpackr-extract-3.0.3.tgz#e9d87023de39ce714872f9e9504e3c1996d61012"
  integrity sha512-P0efT1C9jIdVRefqjzOQ9Xml57zpOXnIuS+csaB4MdZbTdmGDLo8XhzBG1N7aO11gKDDkJvBLULeFTo46wwreA==
  dependencies:
    node-gyp-build-optional-packages "5.2.2"
  optionalDependencies:
    "@msgpackr-extract/msgpackr-extract-darwin-arm64" "3.0.3"
    "@msgpackr-extract/msgpackr-extract-darwin-x64" "3.0.3"
    "@msgpackr-extract/msgpackr-extract-linux-arm" "3.0.3"
    "@msgpackr-extract/msgpackr-extract-linux-arm64" "3.0.3"
    "@msgpackr-extract/msgpackr-extract-linux-x64" "3.0.3"
    "@msgpackr-extract/msgpackr-extract-win32-x64" "3.0.3"

msgpackr@^1.11.2:
  version "1.11.5"
  resolved "https://registry.yarnpkg.com/msgpackr/-/msgpackr-1.11.5.tgz#edf0b9d9cb7d8ed6897dd0e42cfb865a2f4b602e"
  integrity sha512-UjkUHN0yqp9RWKy0Lplhh+wlpdt9oQBYgULZOiFhV3VclSF1JnSQWZ5r9gORQlNYaUKQoR8itv7g7z1xDDuACA==
  optionalDependencies:
    msgpackr-extract "^3.0.2"

node-gyp-build-optional-packages@5.2.2:
  version "5.2.2"
  resolved "https://registry.yarnpkg.com/node-gyp-build-optional-packages/-/node-gyp-build-optional-packages-5.2.2.tgz#522f50c2d53134d7f3a76cd7255de4ab6c96a3a4"
  integrity sha512-s+w+rBWnpTMwSFbaE0UXsRlg7hU4FjekKU4eyAih5T8nJuNZT1nNsskXpxmeqSK9UzkBl6UgRlnKc8hz8IEqOw==
  dependencies:
    detect-libc "^2.0.1"

pako@^2.1.0:
  version "2.1.0"
  resolved "https://registry.yarnpkg.com/pako/-/pako-2.1.0.tgz#266cc37f98c7d883545d11335c00fbd4062c9a86"
  integrity sha512-w+eufiZ1WuJYgPXbV/PO3NCMEc3xqylkKHzp8bxp1uW4qaSNQUkwmLLEc3kKsfz8lpV1F8Ht3U1Cm+9Srog2ug==

tslib@^2.4.0:
  version "2.8.1"
  resolved "https://registry.yarnpkg.com/tslib/-/tslib-2.8.1.tgz#612efe4ed235d567e8aba5f2a5fab70280ade83f"
  integrity sha512-oJFu94HQb+KVduSUQL7wnpmqnfmLsOA/nAh6b6EH0wCEoK0/mPeXU6c3wKDV83MkOuHPRHtSXKKU99IBazS/2w==
